
Microsoft Visual Studio Solution File, Format Version 11.00
# Visual Studio 2010
Project("{FAE04EC0-301F-11D3-BF4B-00C04F79EFBC}") = "Assembly-CSharp", "Assembly-CSharp.csproj", "{F68727C7-7AD1-8FF9-62DB-0A2AB85EFC3E}"
EndProject
Project("{FAE04EC0-301F-11D3-BF4B-00C04F79EFBC}") = "Assembly-CSharp-Editor", "Assembly-CSharp-Editor.csproj", "{6B8CF0D1-288D-519E-52D4-220E82E09E38}"
EndProject
Global
	GlobalSection(SolutionConfigurationPlatforms) = preSolution
		Debug|Any CPU = Debug|Any CPU
		Release|Any CPU = Release|Any CPU
	EndGlobalSection
	GlobalSection(ProjectConfigurationPlatforms) = postSolution
		{F68727C7-7AD1-8FF9-62DB-0A2AB85EFC3E}.Debug|Any CPU.ActiveCfg = Debug|Any CPU
		{F68727C7-7AD1-8FF9-62DB-0A2AB85EFC3E}.Debug|Any CPU.Build.0 = Debug|Any CPU
		{F68727C7-7AD1-8FF9-62DB-0A2AB85EFC3E}.Release|Any CPU.ActiveCfg = Release|Any CPU
		{F68727C7-7AD1-8FF9-62DB-0A2AB85EFC3E}.Release|Any CPU.Build.0 = Release|Any CPU
		{6B8CF0D1-288D-519E-52D4-220E82E09E38}.Debug|Any CPU.ActiveCfg = Debug|Any CPU
		{6B8CF0D1-288D-519E-52D4-220E82E09E38}.Debug|Any CPU.Build.0 = Debug|Any CPU
		{6B8CF0D1-288D-519E-52D4-220E82E09E38}.Release|Any CPU.ActiveCfg = Release|Any CPU
		{6B8CF0D1-288D-519E-52D4-220E82E09E38}.Release|Any CPU.Build.0 = Release|Any CPU
	EndGlobalSection
	GlobalSection(SolutionProperties) = preSolution
		HideSolutionNode = FALSE
	EndGlobalSection
	GlobalSection(MonoDevelopProperties) = preSolution
		StartupItem = Assembly-CSharp.csproj
	EndGlobalSection
EndGlobal
